
Microsoft Visual Studio Solution File, Format Version 12.00
# Visual Studio Version 17
VisualStudioVersion = 17.7.34221.43
MinimumVisualStudioVersion = 10.0.40219.1
Project("{FAE04EC0-301F-11D3-BF4B-00C04F79EFBC}") = "NewTestTwo", "NewTestTwo\NewTestTwo.csproj", "{EF3EB4B2-8047-454C-B2CE-AAACEFA0999D}"
EndProject
Global
	GlobalSection(SolutionConfigurationPlatforms) = preSolution
		Debug|Any CPU = Debug|Any CPU
		Release|Any CPU = Release|Any CPU
	EndGlobalSection
	GlobalSection(ProjectConfigurationPlatforms) = postSolution
		{EF3EB4B2-8047-454C-B2CE-AAACEFA0999D}.Debug|Any CPU.ActiveCfg = Debug|Any CPU
		{EF3EB4B2-8047-454C-B2CE-AAACEFA0999D}.Debug|Any CPU.Build.0 = Debug|Any CPU
		{EF3EB4B2-8047-454C-B2CE-AAACEFA0999D}.Release|Any CPU.ActiveCfg = Release|Any CPU
		{EF3EB4B2-8047-454C-B2CE-AAACEFA0999D}.Release|Any CPU.Build.0 = Release|Any CPU
	EndGlobalSection
	GlobalSection(SolutionProperties) = preSolution
		HideSolutionNode = FALSE
	EndGlobalSection
	GlobalSection(ExtensibilityGlobals) = postSolution
		SolutionGuid = {965205FC-15A6-4FA6-AF40-EE02E00877FA}
	EndGlobalSection
EndGlobal
